
Microsoft Visual Studio Solution File, Format Version 12.00
# Visual Studio Express 2013 for Web
VisualStudioVersion = 12.0.30723.0
MinimumVisualStudioVersion = 10.0.40219.1
Project("{FAE04EC0-301F-11D3-BF4B-00C04F79EFBC}") = "Mvc4MusicStore", "Mvc4MusicStore\Mvc4MusicStore.csproj", "{2A2D8C7E-ECC0-402C-AD6B-FFA68D5947B3}"
EndProject
Project("{FAE04EC0-301F-11D3-BF4B-00C04F79EFBC}") = "OktaProviders", "OktaProviders\OktaProviders.csproj", "{458606B8-DC0D-461A-AD58-D5E390F44D34}"
EndProject
Project("{2150E333-8FDC-42A3-9474-1A3956D46DE8}") = ".nuget", ".nuget", "{EE196A0B-C278-4DA9-8CE3-1A5FDF3FFF2C}"
	ProjectSection(SolutionItems) = preProject
		.nuget\NuGet.Config = .nuget\NuGet.Config
		.nuget\NuGet.exe = .nuget\Nu